
Microsoft Visual Studio Solution File, Format Version 12.00
# Visual Studio Version 17
VisualStudioVersion = 17.4.33103.184
MinimumVisualStudioVersion = 10.0.40219.1
Project("{FAE04EC0-301F-11D3-BF4B-00C04F79EFBC}") = "PetStore", "PetStore.csproj", "{0E71D44E-682F-4262-A2FD-6B99B3B18002}"
EndProject
Global
	GlobalSection(SolutionConfigurationPlatforms) = preSolution
		Debug|Any CPU = Debug|Any CPU
		Release|Any CPU = Release|Any CPU
	EndGlobalSection
	GlobalSection(ProjectConfigurationPlatforms) = postSolution
		{0E71D44E-682F-4262-A2FD-6B99B3B18002}.Debug|Any CPU.ActiveCfg = Debug|Any CPU
		{0E71D44E-682F-4262-A2FD-6B99B3B18002}.Debug|Any CPU.Build.0 = Debug|Any CPU
		{0E71D44E-682F-4262-A2FD-6B99B3B18002}.Release|Any CPU.ActiveCfg = Release|Any CPU
		{0E71D44E-682F-4262-A2FD-6B99B3B18002}.Release|Any CPU.Build.0 = Release|Any CPU
	EndGlobalSection
	GlobalSection(SolutionProperties) = preSolution
		HideSolutionNode = FALSE
	EndGlobalSection
	GlobalSection(ExtensibilityGlobals) = postSolution
		SolutionGuid = {717553CF-C140-4E73-83D9-B7BDEE315178}
	EndGlobalSection
EndGlobal
